
Microsoft Visual Studio Solution File, Format Version 12.00
# Visual Studio Version 16
VisualStudioVersion = 16.0.30104.148
MinimumVisualStudioVersion = 10.0.40219.1
Project("{FAE04EC0-301F-11D3-BF4B-00C04F79EFBC}") = "PL", "WpfApp1\PL.csproj", "{04BFAB53-8786-4BA8-9D29-7692D263F6B6}"
EndProject
Project("{9A19103F-16F7-4668-BE54-9A1E7A4F7556}") = "BE", "BLL.BE\BE.csproj", "{A3C28A21-0ED1-4BA6-8CD9-6AF991074F78}"
EndProject
Project("{9A19103F-16F7-4668-BE54-9A1E7A4F7556}") = "BLL", "BLL\BLL.csproj", "{8BCBB3D9-EEE2-47FA-8CD5-A33334A21E7B}"
EndProject
Project("{9A19103F-16F7-4668-BE54-9A1E7A4F7556}") = "DAL", "DAL\DAL.csproj", "{8D2742E7-8395-4F91-B105-9B2F0DF01371}"
EndProject
Global
	GlobalSection(SolutionConfigurationPlatforms) = preSolution
		Debug|Any CPU = Debug|Any CPU
		Release|Any CPU = Release|Any CPU
	EndGlobalSection
	GlobalSection(ProjectConfigurationPlatforms) = postSolution
		{04BFAB53-8786-4BA8-9D29-7692D263F6B6}.Debug|Any CPU.ActiveCfg = Debug|Any CPU
		{04BFAB53-8786-4BA8-9D29-7692D263F6B6}.Debug|Any CPU.Build.0 = Debug|Any CPU
		{04BFAB53-8786-4BA8-9D29-7692D263F6B6}.Release|Any CPU.ActiveCfg = Release|Any CPU
		{04BFAB53-8786-4BA8-9D29-7692D263F6B6}.Release|Any CPU.Build.0 = Release|Any CPU
		{A3C28A21-0ED1-4BA6-8CD9-6AF991074F78}.Debug|Any CPU.ActiveCfg = Debug|Any CPU
		{A3C28A21-0ED1-4BA6-8CD9-6AF991074F78}.Debug|Any CPU.Build.0 = Debug|Any CPU
		{A3C28A21-0ED1-4BA6-8CD9-6AF991074F78}.Release|Any CPU.ActiveCfg = Release|Any CPU
		{A3C28A21-0ED1-4BA6-8CD9-6AF991074F78}.Release|Any CPU.Build.0 = Release|Any CPU
		{8BCBB3D9-EEE2-47FA-8CD5-A33334A21E7B}.Debug|Any CPU.ActiveCfg = Debug|Any CPU
		{8BCBB3D9-EEE2-47FA-8CD5-A33334A21E7B}.Debug|Any CPU.Build.0 = Debug|Any CPU
		{8BCBB3D9-EEE2-47FA-8CD5-A33334A21E7B}.Release|Any CPU.ActiveCfg = Release|Any CPU
		{8BCBB3D9-EEE2-47FA-8CD5-A33334A21E7B}.Release|Any CPU.Build.0 = Release|Any CPU
		{8D2742E7-8395-4F91-B105-9B2F0DF01371}.Debug|Any CPU.ActiveCfg = Debug|Any CPU
		{8D2742E7-8395-4F91-B105-9B2F0DF01371}.Debug|Any CPU.Build.0 = Debug|Any CPU
		{8D2742E7-8395-4F91-B105-9B2F0DF01371}.Release|Any CPU.ActiveCfg = Release|Any CPU
		{8D2742E7-8395-4F91-B105-9B2F0DF01371}.Release|Any CPU.Build.0 = Release|Any CPU
	EndGlobalSection
	GlobalSection(SolutionProperties) = preSolution
		HideSolutionNode = FALSE
	EndGlobalSection
	GlobalSection(ExtensibilityGlobals) = postSolution
		SolutionGuid = {5A134968-EE50-4F25-B6A5-08D7D268EBED}
	EndGlobalSection
EndGlobal
